
Microsoft Visual Studio Solution File, Format Version 12.00
# Visual Studio 2012
Project("{FAE04EC0-301F-11D3-BF4B-00C04F79EFBC}") = "Program", "Program\Program.csproj", "{1ACABC83-DF5A-4942-83CE-615E15DEDCED}"
EndProject
Project("{2150E333-8FDC-42A3-9474-1A3956D46DE8}") = "Solution Items", "Solution Items", "{A8AAC6ED-6C92-423C-BE77-0C8F1D191EAA}"
EndProject
Project("{2150E333-8FDC-42A3-9474-1A3956D46DE8}") = ".nuget", ".nuget", "{CAA3B681-1D35-4E36-BA57-44C68CB33D3E}"
	ProjectSection(SolutionItems) = preProject
		.nuget\packages.config = .nuget\packages.config
	EndProjectSection
EndProject
Global
	GlobalSection(TestCaseManagementSettings) = postSolution
		CategoryFile = mstest.vsmdi
	EndGlobalSection
	GlobalSection(SolutionConfigurationPlatforms) = preSolution
		Debug|Any CPU = Debug|Any CPU
		Release|Any CPU = Release|Any CPU
	EndGlobalSection
	GlobalSection(ProjectConfigurationPlatforms) = postSolution
		{1ACABC83-DF5A-4942-83CE-615E15DEDCED}.Debug|Any CPU.ActiveCfg = Debug|Any CPU
		{1ACABC83-DF5A-4942-83CE-615E15DEDCED}.Debug|Any CPU.Build.0 = Debug|Any CPU
		{1ACABC83-DF5A-4942-83CE-615E15DEDCED}.Release|Any CPU.ActiveCfg = Release|Any CPU
		{1ACABC83-DF5A-4942-83CE-615E15DEDCED}.Release|Any CPU.Build.0 = Release|Any CPU
	EndGlobalSection
	GlobalSection(SolutionProperties) = preSolution
		HideSolutionNode = FALSE
	EndGlobalSection
EndGlobal
